version = 1
revision = 2
requires-python = "==3.10.*"

[[package]]
name = "braceexpand"
version = "0.1.7"
source = { registry = "https://pypi.org/simple" }
sdist = { url = "https://files.pythonhosted.org/packages/54/93/badd4f5ccf25209f3fef2573073da9fe4a45a3da99fca2f800f942130c0f/braceexpand-0.1.7.tar.gz", hash = "sha256:e6e539bd20eaea53547472ff94f4fb5c3d3bf9d0a89388c4b56663aba765f705", size = 7777, upload-time = "2021-05-07T13:49:07.323Z" }
wheels = [
    { url = "https://files.pythonhosted.org/packages/fa/93/e8c04e80e82391a6e51f218ca49720f64236bc824e92152a2633b74cf7ab/braceexpand-0.1.7-py2.py3-none-any.whl", hash = "sha256:91332d53de7828103dcae5773fb43bc34950b0c8160e35e0f44c4427a3b85014", size = 5923, upload-time = "2021-05-07T13:49:05.146Z" },
]

[[package]]
name = "cloudpickle"
version = "3.1.1"
source = { registry = "https://pypi.org/simple" }
sdist = { url = "https://files.pythonhosted.org/packages/52/39/069100b84d7418bc358d81669d5748efb14b9cceacd2f9c75f550424132f/cloudpickle-3.1.1.tar.gz", hash = "sha256:b216fa8ae4019d5482a8ac3c95d8f6346115d8835911fd4aefd1a445e4242c64", size = 22113, upload-time = "2025-01-14T17:02:05.085Z" }
wheels = [
    { url = "https://files.pythonhosted.org/packages/7e/e8/64c37fadfc2816a7701fa8a6ed8d87327c7d54eacfbfb6edab14a2f2be75/cloudpickle-3.1.1-py3-none-any.whl", hash = "sha256:c8c5a44295039331ee9dad40ba100a9c7297b6f988e50e87ccdf3765a668350e", size = 20992, upload-time = "2025-01-14T17:02:02.417Z" },
]

[[package]]
name = "colorama"
version = "0.4.6"
source = { registry = "https://download.pytorch.org/whl/cu118" }
wheels = [
    { url = "https://download.pytorch.org/whl/colorama-0.4.6-py2.py3-none-any.whl", hash = "sha256:4f1d9991f5acc0ca119f9d443620b77f9d6b33703e51011c16baf57afb285fc6" },
]

[[package]]
name = "filelock"
version = "3.13.1"
source = { registry = "https://download.pytorch.org/whl/cu118" }
wheels = [
    { url = "https://download.pytorch.org/whl/filelock-3.13.1-py3-none-any.whl", hash = "sha256:57dbda9b35157b05fb3e58ee91448612eb674172fab98ee235ccb0b5bee19a1c" },
]

[[package]]
name = "fsspec"
version = "2024.6.1"
source = { registry = "https://download.pytorch.org/whl/cu118" }
wheels = [
    { url = "https://download.pytorch.org/whl/fsspec-2024.6.1-py3-none-any.whl", hash = "sha256:3cb443f8bcd2efb31295a5b9fdb02aee81d8452c80d28f97a6d0959e6cee101e" },
]

[[package]]
name = "ftfy"
version = "6.3.1"
source = { registry = "https://pypi.org/simple" }
dependencies = [
    { name = "wcwidth" },
]
sdist = { url = "https://files.pythonhosted.org/packages/a5/d3/8650919bc3c7c6e90ee3fa7fd618bf373cbbe55dff043bd67353dbb20cd8/ftfy-6.3.1.tar.gz", hash = "sha256:9b3c3d90f84fb267fe64d375a07b7f8912d817cf86009ae134aa03e1819506ec", size = 308927, upload-time = "2024-10-26T00:50:35.149Z" }
wheels = [
    { url = "https://files.pythonhosted.org/packages/ab/6e/81d47999aebc1b155f81eca4477a616a70f238a2549848c38983f3c22a82/ftfy-6.3.1-py3-none-any.whl", hash = "sha256:7c70eb532015cd2f9adb53f101fb6c7945988d023a085d127d1573dc49dd0083", size = 44821, upload-time = "2024-10-26T00:50:33.425Z" },
]

[[package]]
name = "jinja2"
version = "3.1.4"
source = { registry = "https://download.pytorch.org/whl/cu118" }
dependencies = [
    { name = "markupsafe" },
]
wheels = [
    { url = "https://download.pytorch.org/whl/Jinja2-3.1.4-py3-none-any.whl", hash = "sha256:bc5dd2abb727a5319567b7a813e6a2e7318c39f4f487cfe6c89c6f9c7d25197d" },
]

[[package]]
name = "markupsafe"
version = "2.1.5"
source = { registry = "https://download.pytorch.org/whl/cu118" }
sdist = { url = "https://download.pytorch.org/whl/MarkupSafe-2.1.5.tar.gz", hash = "sha256:d283d37a890ba4c1ae73ffadf8046435c76e7bc2247bbb63c00bd1a709c6544b" }
wheels = [
    { url = "https://download.pytorch.org/whl/MarkupSafe-2.1.5-cp310-cp310-macosx_10_9_universal2.whl", hash = "sha256:a17a92de5231666cfbe003f0e4b9b3a7ae3afb1ec2845aadc2bacc93ff85febc" },
    { url = "https://download.pytorch.org/whl/MarkupSafe-2.1.5-cp310-cp310-macosx_10_9_x86_64.whl", hash = "sha256:72b6be590cc35924b02c78ef34b467da4ba07e4e0f0454a2c5907f473fc50ce5" },
    { url = "https://download.pytorch.org/whl/MarkupSafe-2.1.5-cp310-cp310-manylinux_2_17_aarch64.manylinux2014_aarch64.whl", hash = "sha256:e61659ba32cf2cf1481e575d0462554625196a1f2fc06a1c777d3f48e8865d46" },
    { url = "https://download.pytorch.org/whl/MarkupSafe-2.1.5-cp310-cp310-manylinux_2_17_x86_64.manylinux2014_x86_64.whl", hash = "sha256:2174c595a0d73a3080ca3257b40096db99799265e1c27cc5a610743acd86d62f" },
    { url = "https://download.pytorch.org/whl/MarkupSafe-2.1.5-cp310-cp310-manylinux_2_5_i686.manylinux1_i686.manylinux_2_17_i686.manylinux2014_i686.whl", hash = "sha256:ae2ad8ae6ebee9d2d94b17fb62763125f3f374c25618198f40cbb8b525411900" },
    { url = "https://download.pytorch.org/whl/MarkupSafe-2.1.5-cp310-cp310-win_amd64.whl", hash = "sha256:bf50cd79a75d181c9181df03572cdce0fbb75cc353bc350712073108cba98de5" },
]

[[package]]
name = "metaclip"
version = "0.1.0"
source = { virtual = "." }
dependencies = [
    { name = "braceexpand" },
    { name = "ftfy" },
    { name = "pandas" },
    { name = "regex" },
    { name = "submitit" },
    { name = "torch" },
    { name = "torchaudio" },
    { name = "torchvision" },
    { name = "tqdm" },
]

[package.metadata]
requires-dist = [
    { name = "braceexpand" },
    { name = "ftfy" },
    { name = "pandas" },
    { name = "regex" },
    { name = "submitit", specifier = "==1.2.1" },
    { name = "torch", index = "https://download.pytorch.org/whl/cu118" },
    { name = "torchaudio", index = "https://download.pytorch.org/whl/cu118" },
    { name = "torchvision", index = "https://download.pytorch.org/whl/cu118" },
    { name = "tqdm" },
]

[[package]]
name = "mpmath"
version = "1.3.0"
source = { registry = "https://download.pytorch.org/whl/cu118" }
wheels = [
    { url = "https://download.pytorch.org/whl/mpmath-1.3.0-py3-none-any.whl", hash = "sha256:a0b2b9fe80bbcd81a6647ff13108738cfb482d481d826cc0e02f5b35e5c88d2c" },
]

[[package]]
name = "networkx"
version = "3.3"
source = { registry = "https://download.pytorch.org/whl/cu118" }
wheels = [
    { url = "https://download.pytorch.org/whl/networkx-3.3-py3-none-any.whl", hash = "sha256:28575580c6ebdaf4505b22c6256a2b9de86b316dc63ba9e93abde3d78dfdbcf2" },
]

[[package]]
name = "numpy"
version = "2.1.2"
source = { registry = "https://download.pytorch.org/whl/cu118" }
wheels = [
    { url = "https://download.pytorch.org/whl/numpy-2.1.2-cp310-cp310-macosx_10_9_x86_64.whl", hash = "sha256:30d53720b726ec36a7f88dc873f0eec8447fbc93d93a8f079dfac2629598d6ee" },
    { url = "https://download.pytorch.org/whl/numpy-2.1.2-cp310-cp310-macosx_11_0_arm64.whl", hash = "sha256:e8d3ca0a72dd8846eb6f7dfe8f19088060fcb76931ed592d29128e0219652884" },
    { url = "https://download.pytorch.org/whl/numpy-2.1.2-cp310-cp310-macosx_14_0_arm64.whl", hash = "sha256:fc44e3c68ff00fd991b59092a54350e6e4911152682b4782f68070985aa9e648" },
    { url = "https://download.pytorch.org/whl/numpy-2.1.2-cp310-cp310-macosx_14_0_x86_64.whl", hash = "sha256:7c1c60328bd964b53f8b835df69ae8198659e2b9302ff9ebb7de4e5a5994db3d" },
    { url = "https://download.pytorch.org/whl/numpy-2.1.2-cp310-cp310-manylinux_2_17_aarch64.manylinux2014_aarch64.whl", hash = "sha256:6cdb606a7478f9ad91c6283e238544451e3a95f30fb5467fbf715964341a8a86" },
    { url = "https://download.pytorch.org/whl/numpy-2.1.2-cp310-cp310-manylinux_2_17_x86_64.manylinux2014_x86_64.whl", hash = "sha256:d666cb72687559689e9906197e3bec7b736764df6a2e58ee265e360663e9baf7" },
    { url = "https://download.pytorch.org/whl/numpy-2.1.2-cp310-cp310-win_amd64.whl", hash = "sha256:860ec6e63e2c5c2ee5e9121808145c7bf86c96cca9ad396c0bd3e0f2798ccbe2" },
]

[[package]]
name = "nvidia-cublas-cu11"
version = "11.11.3.6"
source = { registry = "https://download.pytorch.org/whl/cu118" }
wheels = [
    { url = "https://download.pytorch.org/whl/cu118/nvidia_cublas_cu11-11.11.3.6-py3-none-manylinux1_x86_64.whl", hash = "sha256:39fb40e8f486dd8a2ddb8fdeefe1d5b28f5b99df01c87ab3676f057a74a5a6f3" },
]

[[package]]
name = "nvidia-cuda-cupti-cu11"
version = "11.8.87"
source = { registry = "https://download.pytorch.org/whl/cu118" }
wheels = [
    { url = "https://download.pytorch.org/whl/cu118/nvidia_cuda_cupti_cu11-11.8.87-py3-none-manylinux1_x86_64.whl", hash = "sha256:0e50c707df56c75a2c0703dc6b886f3c97a22f37d6f63839f75b7418ba672a8d" },
]

[[package]]
name = "nvidia-cuda-nvrtc-cu11"
version = "11.8.89"
source = { registry = "https://download.pytorch.org/whl/cu118" }
wheels = [
    { url = "https://download.pytorch.org/whl/cu118/nvidia_cuda_nvrtc_cu11-11.8.89-py3-none-manylinux1_x86_64.whl", hash = "sha256:1f27d67b0f72902e9065ae568b4f6268dfe49ba3ed269c9a3da99bb86d1d2008" },
]

[[package]]
name = "nvidia-cuda-runtime-cu11"
version = "11.8.89"
source = { registry = "https://download.pytorch.org/whl/cu118" }
wheels = [
    { url = "https://download.pytorch.org/whl/cu118/nvidia_cuda_runtime_cu11-11.8.89-py3-none-manylinux1_x86_64.whl", hash = "sha256:f587bd726eb2f7612cf77ce38a2c1e65cf23251ff49437f6161ce0d647f64f7c" },
]

[[package]]
name = "nvidia-cudnn-cu11"
version = "9.1.0.70"
source = { registry = "https://download.pytorch.org/whl/cu118" }
dependencies = [
    { name = "nvidia-cublas-cu11" },
]
wheels = [
    { url = "https://download.pytorch.org/whl/cu118/nvidia_cudnn_cu11-9.1.0.70-py3-none-manylinux2014_x86_64.whl", hash = "sha256:e6135ac63fe9d5b0b89cfb35c3fc1c1349f2b995becadf2e9dc21bca89d9633d" },
]

[[package]]
name = "nvidia-cufft-cu11"
version = "10.9.0.58"
source = { registry = "https://download.pytorch.org/whl/cu118" }
wheels = [
    { url = "https://download.pytorch.org/whl/cu118/nvidia_cufft_cu11-10.9.0.58-py3-none-manylinux1_x86_64.whl", hash = "sha256:222f9da70c80384632fd6035e4c3f16762d64ea7a843829cb278f98b3cb7dd81" },
]

[[package]]
name = "nvidia-curand-cu11"
version = "10.3.0.86"
source = { registry = "https://download.pytorch.org/whl/cu118" }
wheels = [
    { url = "https://download.pytorch.org/whl/cu118/nvidia_curand_cu11-10.3.0.86-py3-none-manylinux1_x86_64.whl", hash = "sha256:ac439548c88580269a1eb6aeb602a5aed32f0dbb20809a31d9ed7d01d77f6bf5" },
]

[[package]]
name = "nvidia-cusolver-cu11"
version = "11.4.1.48"
source = { registry = "https://download.pytorch.org/whl/cu118" }
dependencies = [
    { name = "nvidia-cublas-cu11" },
]
wheels = [
    { url = "https://download.pytorch.org/whl/cu118/nvidia_cusolver_cu11-11.4.1.48-py3-none-manylinux1_x86_64.whl", hash = "sha256:ca538f545645b7e6629140786d3127fe067b3d5a085bd794cde5bfe877c8926f" },
]

[[package]]
name = "nvidia-cusparse-cu11"
version = "11.7.5.86"
source = { registry = "https://download.pytorch.org/whl/cu118" }
wheels = [
    { url = "https://download.pytorch.org/whl/cu118/nvidia_cusparse_cu11-11.7.5.86-py3-none-manylinux1_x86_64.whl", hash = "sha256:4ae709fe78d3f23f60acaba8c54b8ad556cf16ca486e0cc1aa92dca7555d2d2b" },
]

[[package]]
name = "nvidia-nccl-cu11"
version = "2.21.5"
source = { registry = "https://download.pytorch.org/whl/cu118" }
wheels = [
    { url = "https://download.pytorch.org/whl/cu118/nvidia_nccl_cu11-2.21.5-py3-none-manylinux2014_x86_64.whl", hash = "sha256:49d8350629c7888701d1fd200934942671cb5c728f49acc5a0b3a768820bed29" },
]

[[package]]
name = "nvidia-nvtx-cu11"
version = "11.8.86"
source = { registry = "https://download.pytorch.org/whl/cu118" }
wheels = [
    { url = "https://download.pytorch.org/whl/cu118/nvidia_nvtx_cu11-11.8.86-py3-none-manylinux1_x86_64.whl", hash = "sha256:890656d8bd9b4e280231c832e1f0d03459200ba4824ddda3dcb59b1e1989b9f5" },
]

[[package]]
name = "pandas"
version = "2.3.1"
source = { registry = "https://pypi.org/simple" }
dependencies = [
    { name = "numpy" },
    { name = "python-dateutil" },
    { name = "pytz" },
    { name = "tzdata" },
]
sdist = { url = "https://files.pythonhosted.org/packages/d1/6f/75aa71f8a14267117adeeed5d21b204770189c0a0025acbdc03c337b28fc/pandas-2.3.1.tar.gz", hash = "sha256:0a95b9ac964fe83ce317827f80304d37388ea77616b1425f0ae41c9d2d0d7bb2", size = 4487493, upload-time = "2025-07-07T19:20:04.079Z" }
wheels = [
    { url = "https://files.pythonhosted.org/packages/c4/ca/aa97b47287221fa37a49634532e520300088e290b20d690b21ce3e448143/pandas-2.3.1-cp310-cp310-macosx_10_9_x86_64.whl", hash = "sha256:22c2e866f7209ebc3a8f08d75766566aae02bcc91d196935a1d9e59c7b990ac9", size = 11542731, upload-time = "2025-07-07T19:18:12.619Z" },
    { url = "https://files.pythonhosted.org/packages/80/bf/7938dddc5f01e18e573dcfb0f1b8c9357d9b5fa6ffdee6e605b92efbdff2/pandas-2.3.1-cp310-cp310-macosx_11_0_arm64.whl", hash = "sha256:3583d348546201aff730c8c47e49bc159833f971c2899d6097bce68b9112a4f1", size = 10790031, upload-time = "2025-07-07T19:18:16.611Z" },
    { url = "https://files.pythonhosted.org/packages/ee/2f/9af748366763b2a494fed477f88051dbf06f56053d5c00eba652697e3f94/pandas-2.3.1-cp310-cp310-manylinux_2_17_aarch64.manylinux2014_aarch64.whl", hash = "sha256:0f951fbb702dacd390561e0ea45cdd8ecfa7fb56935eb3dd78e306c19104b9b0", size = 11724083, upload-time = "2025-07-07T19:18:20.512Z" },
    { url = "https://files.pythonhosted.org/packages/2c/95/79ab37aa4c25d1e7df953dde407bb9c3e4ae47d154bc0dd1692f3a6dcf8c/pandas-2.3.1-cp310-cp310-manylinux_2_17_x86_64.manylinux2014_x86_64.whl", hash = "sha256:cd05b72ec02ebfb993569b4931b2e16fbb4d6ad6ce80224a3ee838387d83a191", size = 12342360, upload-time = "2025-07-07T19:18:23.194Z" },
    { url = "https://files.pythonhosted.org/packages/75/a7/d65e5d8665c12c3c6ff5edd9709d5836ec9b6f80071b7f4a718c6106e86e/pandas-2.3.1-cp310-cp310-musllinux_1_2_aarch64.whl", hash = "sha256:1b916a627919a247d865aed068eb65eb91a344b13f5b57ab9f610b7716c92de1", size = 13202098, upload-time = "2025-07-07T19:18:25.558Z" },
    { url = "https://files.pythonhosted.org/packages/65/f3/4c1dbd754dbaa79dbf8b537800cb2fa1a6e534764fef50ab1f7533226c5c/pandas-2.3.1-cp310-cp310-musllinux_1_2_x86_64.whl", hash = "sha256:fe67dc676818c186d5a3d5425250e40f179c2a89145df477dd82945eaea89e97", size = 13837228, upload-time = "2025-07-07T19:18:28.344Z" },
    { url = "https://files.pythonhosted.org/packages/3f/d6/d7f5777162aa9b48ec3910bca5a58c9b5927cfd9cfde3aa64322f5ba4b9f/pandas-2.3.1-cp310-cp310-win_amd64.whl", hash = "sha256:2eb789ae0274672acbd3c575b0598d213345660120a257b47b5dafdc618aec83", size = 11336561, upload-time = "2025-07-07T19:18:31.211Z" },
]

[[package]]
name = "pillow"
version = "11.0.0"
source = { registry = "https://download.pytorch.org/whl/cu118" }
wheels = [
    { url = "https://download.pytorch.org/whl/pillow-11.0.0-cp310-cp310-macosx_10_10_x86_64.whl", hash = "sha256:6619654954dc4936fcff82db8eb6401d3159ec6be81e33c6000dfd76ae189947" },
    { url = "https://download.pytorch.org/whl/pillow-11.0.0-cp310-cp310-macosx_11_0_arm64.whl", hash = "sha256:b3c5ac4bed7519088103d9450a1107f76308ecf91d6dabc8a33a2fcfb18d0fba" },
    { url = "https://download.pytorch.org/whl/pillow-11.0.0-cp310-cp310-manylinux_2_17_aarch64.manylinux2014_aarch64.whl", hash = "sha256:a65149d8ada1055029fcb665452b2814fe7d7082fcb0c5bed6db851cb69b2086" },
    { url = "https://download.pytorch.org/whl/pillow-11.0.0-cp310-cp310-manylinux_2_17_x86_64.manylinux2014_x86_64.whl", hash = "sha256:88a58d8ac0cc0e7f3a014509f0455248a76629ca9b604eca7dc5927cc593c5e9" },
    { url = "https://download.pytorch.org/whl/pillow-11.0.0-cp310-cp310-manylinux_2_28_aarch64.whl", hash = "sha256:c26845094b1af3c91852745ae78e3ea47abf3dbcd1cf962f16b9a5fbe3ee8488" },
    { url = "https://download.pytorch.org/whl/pillow-11.0.0-cp310-cp310-manylinux_2_28_x86_64.whl", hash = "sha256:1a61b54f87ab5786b8479f81c4b11f4d61702830354520837f8cc791ebba0f5f" },
    { url = "https://download.pytorch.org/whl/pillow-11.0.0-cp310-cp310-win_amd64.whl", hash = "sha256:a5629742881bcbc1f42e840af185fd4d83a5edeb96475a575f4da50d6ede337c" },
    { url = "https://download.pytorch.org/whl/pillow-11.0.0-cp310-cp310-win_arm64.whl", hash = "sha256:ee217c198f2e41f184f3869f3e485557296d505b5195c513b2bfe0062dc537f1" },
]

[[package]]
name = "python-dateutil"
version = "2.9.0.post0"
source = { registry = "https://pypi.org/simple" }
dependencies = [
    { name = "six" },
]
sdist = { url = "https://files.pythonhosted.org/packages/66/c0/0c8b6ad9f17a802ee498c46e004a0eb49bc148f2fd230864601a86dcf6db/python-dateutil-2.9.0.post0.tar.gz", hash = "sha256:37dd54208da7e1cd875388217d5e00ebd4179249f90fb72437e91a35459a0ad3", size = 342432, upload-time = "2024-03-01T18:36:20.211Z" }
wheels = [
    { url = "https://files.pythonhosted.org/packages/ec/57/56b9bcc3c9c6a792fcbaf139543cee77261f3651ca9da0c93f5c1221264b/python_dateutil-2.9.0.post0-py2.py3-none-any.whl", hash = "sha256:a8b2bc7bffae282281c8140a97d3aa9c14da0b136dfe83f850eea9a5f7470427", size = 229892, upload-time = "2024-03-01T18:36:18.57Z" },
]

[[package]]
name = "pytz"
version = "2025.2"
source = { registry = "https://pypi.org/simple" }
sdist = { url = "https://files.pythonhosted.org/packages/f8/bf/abbd3cdfb8fbc7fb3d4d38d320f2441b1e7cbe29be4f23797b4a2b5d8aac/pytz-2025.2.tar.gz", hash = "sha256:360b9e3dbb49a209c21ad61809c7fb453643e048b38924c765813546746e81c3", size = 320884, upload-time = "2025-03-25T02:25:00.538Z" }
wheels = [
    { url = "https://files.pythonhosted.org/packages/81/c4/34e93fe5f5429d7570ec1fa436f1986fb1f00c3e0f43a589fe2bbcd22c3f/pytz-2025.2-py2.py3-none-any.whl", hash = "sha256:5ddf76296dd8c44c26eb8f4b6f35488f3ccbf6fbbd7adee0b7262d43f0ec2f00", size = 509225, upload-time = "2025-03-25T02:24:58.468Z" },
]

[[package]]
name = "regex"
version = "2025.7.34"
source = { registry = "https://pypi.org/simple" }
sdist = { url = "https://files.pythonhosted.org/packages/0b/de/e13fa6dc61d78b30ba47481f99933a3b49a57779d625c392d8036770a60d/regex-2025.7.34.tar.gz", hash = "sha256:9ead9765217afd04a86822dfcd4ed2747dfe426e887da413b15ff0ac2457e21a", size = 400714, upload-time = "2025-07-31T00:21:16.262Z" }
wheels = [
    { url = "https://files.pythonhosted.org/packages/50/d2/0a44a9d92370e5e105f16669acf801b215107efea9dea4317fe96e9aad67/regex-2025.7.34-cp310-cp310-macosx_10_9_universal2.whl", hash = "sha256:d856164d25e2b3b07b779bfed813eb4b6b6ce73c2fd818d46f47c1eb5cd79bd6", size = 484591, upload-time = "2025-07-31T00:18:46.675Z" },
    { url = "https://files.pythonhosted.org/packages/2e/b1/00c4f83aa902f1048495de9f2f33638ce970ce1cf9447b477d272a0e22bb/regex-2025.7.34-cp310-cp310-macosx_10_9_x86_64.whl", hash = "sha256:2d15a9da5fad793e35fb7be74eec450d968e05d2e294f3e0e77ab03fa7234a83", size = 289293, upload-time = "2025-07-31T00:18:53.069Z" },
    { url = "https://files.pythonhosted.org/packages/f3/b0/5bc5c8ddc418e8be5530b43ae1f7c9303f43aeff5f40185c4287cf6732f2/regex-2025.7.34-cp310-cp310-macosx_11_0_arm64.whl", hash = "sha256:95b4639c77d414efa93c8de14ce3f7965a94d007e068a94f9d4997bb9bd9c81f", size = 285932, upload-time = "2025-07-31T00:18:54.673Z" },
    { url = "https://files.pythonhosted.org/packages/46/c7/a1a28d050b23665a5e1eeb4d7f13b83ea86f0bc018da7b8f89f86ff7f094/regex-2025.7.34-cp310-cp310-manylinux2014_aarch64.manylinux_2_17_aarch64.manylinux_2_28_aarch64.whl", hash = "sha256:5d7de1ceed5a5f84f342ba4a9f4ae589524adf9744b2ee61b5da884b5b659834", size = 780361, upload-time = "2025-07-31T00:18:56.13Z" },
    { url = "https://files.pythonhosted.org/packages/cb/0d/82e7afe7b2c9fe3d488a6ab6145d1d97e55f822dfb9b4569aba2497e3d09/regex-2025.7.34-cp310-cp310-manylinux2014_ppc64le.manylinux_2_17_ppc64le.manylinux_2_28_ppc64le.whl", hash = "sha256:02e5860a250cd350c4933cf376c3bc9cb28948e2c96a8bc042aee7b985cfa26f", size = 849176, upload-time = "2025-07-31T00:18:57.483Z" },
    { url = "https://files.pythonhosted.org/packages/bf/16/3036e16903d8194f1490af457a7e33b06d9e9edd9576b1fe6c7ac660e9ed/regex-2025.7.34-cp310-cp310-manylinux2014_s390x.manylinux_2_17_s390x.manylinux_2_28_s390x.whl", hash = "sha256:0a5966220b9a1a88691282b7e4350e9599cf65780ca60d914a798cb791aa1177", size = 897222, upload-time = "2025-07-31T00:18:58.721Z" },
    { url = "https://files.pythonhosted.org/packages/5a/c2/010e089ae00d31418e7d2c6601760eea1957cde12be719730c7133b8c165/regex-2025.7.34-cp310-cp310-manylinux2014_x86_64.manylinux_2_17_x86_64.manylinux_2_28_x86_64.whl", hash = "sha256:48fb045bbd4aab2418dc1ba2088a5e32de4bfe64e1457b948bb328a8dc2f1c2e", size = 789831, upload-time = "2025-07-31T00:19:00.436Z" },
    { url = "https://files.pythonhosted.org/packages/dd/86/b312b7bf5c46d21dbd9a3fdc4a80fde56ea93c9c0b89cf401879635e094d/regex-2025.7.34-cp310-cp310-manylinux2014_x86_64.manylinux_2_17_x86_64.whl", hash = "sha256:20ff8433fa45e131f7316594efe24d4679c5449c0ca69d91c2f9d21846fdf064", size = 780665, upload-time = "2025-07-31T00:19:01.828Z" },
    { url = "https://files.pythonhosted.org/packages/40/e5/674b82bfff112c820b09e3c86a423d4a568143ede7f8440fdcbce259e895/regex-2025.7.34-cp310-cp310-musllinux_1_2_aarch64.whl", hash = "sha256:c436fd1e95c04c19039668cfb548450a37c13f051e8659f40aed426e36b3765f", size = 773511, upload-time = "2025-07-31T00:19:03.654Z" },
    { url = "https://files.pythonhosted.org/packages/2d/18/39e7c578eb6cf1454db2b64e4733d7e4f179714867a75d84492ec44fa9b2/regex-2025.7.34-cp310-cp310-musllinux_1_2_ppc64le.whl", hash = "sha256:0b85241d3cfb9f8a13cefdfbd58a2843f208f2ed2c88181bf84e22e0c7fc066d", size = 843990, upload-time = "2025-07-31T00:19:05.61Z" },
    { url = "https://files.pythonhosted.org/packages/b6/d9/522a6715aefe2f463dc60c68924abeeb8ab6893f01adf5720359d94ede8c/regex-2025.7.34-cp310-cp310-musllinux_1_2_s390x.whl", hash = "sha256:075641c94126b064c65ab86e7e71fc3d63e7ff1bea1fb794f0773c97cdad3a03", size = 834676, upload-time = "2025-07-31T00:19:07.023Z" },
    { url = "https://files.pythonhosted.org/packages/59/53/c4d5284cb40543566542e24f1badc9f72af68d01db21e89e36e02292eee0/regex-2025.7.34-cp310-cp310-musllinux_1_2_x86_64.whl", hash = "sha256:70645cad3407d103d1dbcb4841839d2946f7d36cf38acbd40120fee1682151e5", size = 778420, upload-time = "2025-07-31T00:19:08.511Z" },
    { url = "https://files.pythonhosted.org/packages/ea/4a/b779a7707d4a44a7e6ee9d0d98e40b2a4de74d622966080e9c95e25e2d24/regex-2025.7.34-cp310-cp310-win32.whl", hash = "sha256:3b836eb4a95526b263c2a3359308600bd95ce7848ebd3c29af0c37c4f9627cd3", size = 263999, upload-time = "2025-07-31T00:19:10.072Z" },
    { url = "https://files.pythonhosted.org/packages/ef/6e/33c7583f5427aa039c28bff7f4103c2de5b6aa5b9edc330c61ec576b1960/regex-2025.7.34-cp310-cp310-win_amd64.whl", hash = "sha256:cbfaa401d77334613cf434f723c7e8ba585df162be76474bccc53ae4e5520b3a", size = 276023, upload-time = "2025-07-31T00:19:11.34Z" },
    { url = "https://files.pythonhosted.org/packages/9f/fc/00b32e0ac14213d76d806d952826402b49fd06d42bfabacdf5d5d016bc47/regex-2025.7.34-cp310-cp310-win_arm64.whl", hash = "sha256:bca11d3c38a47c621769433c47f364b44e8043e0de8e482c5968b20ab90a3986", size = 268357, upload-time = "2025-07-31T00:19:12.729Z" },
]

[[package]]
name = "setuptools"
version = "70.2.0"
source = { registry = "https://download.pytorch.org/whl/cu118" }
wheels = [
    { url = "https://download.pytorch.org/whl/setuptools-70.2.0-py3-none-any.whl", hash = "sha256:b8b8060bb426838fbe942479c90296ce976249451118ef566a5a0b7d8b78fb05" },
]

[[package]]
name = "six"
version = "1.17.0"
source = { registry = "https://pypi.org/simple" }
sdist = { url = "https://files.pythonhosted.org/packages/94/e7/b2c673351809dca68a0e064b6af791aa332cf192da575fd474ed7d6f16a2/six-1.17.0.tar.gz", hash = "sha256:ff70335d468e7eb6ec65b95b99d3a2836546063f63acc5171de367e834932a81", size = 34031, upload-time = "2024-12-04T17:35:28.174Z" }
wheels = [
    { url = "https://files.pythonhosted.org/packages/b7/ce/149a00dd41f10bc29e5921b496af8b574d8413afcd5e30dfa0ed46c2cc5e/six-1.17.0-py2.py3-none-any.whl", hash = "sha256:4721f391ed90541fddacab5acf947aa0d3dc7d27b2e1e8eda2be8970586c3274", size = 11050, upload-time = "2024-12-04T17:35:26.475Z" },
]

[[package]]
name = "submitit"
version = "1.2.1"
source = { registry = "https://pypi.org/simple" }
dependencies = [
    { name = "cloudpickle" },
    { name = "typing-extensions" },
]
sdist = { url = "https://files.pythonhosted.org/packages/53/be/b337b0eeb5e422094685025752beaf8c7d0e3e77e4c74ee1e06a07cefa9c/submitit-1.2.1.tar.gz", hash = "sha256:27078df91115f366dc4982cae51e6f397becbee1e83a44cabdf311672808efd9", size = 70685, upload-time = "2021-02-10T11:17:48.345Z" }

[[package]]
name = "sympy"
version = "1.13.3"
source = { registry = "https://download.pytorch.org/whl/cu118" }
dependencies = [
    { name = "mpmath" },
]
wheels = [
    { url = "https://download.pytorch.org/whl/sympy-1.13.3-py3-none-any.whl" },
]

[[package]]
name = "torch"
version = "2.7.1+cu118"
source = { registry = "https://download.pytorch.org/whl/cu118" }
dependencies = [
    { name = "filelock" },
    { name = "fsspec" },
    { name = "jinja2" },
    { name = "networkx" },
    { name = "nvidia-cublas-cu11", marker = "platform_machine == 'x86_64' and sys_platform == 'linux'" },
    { name = "nvidia-cuda-cupti-cu11", marker = "platform_machine == 'x86_64' and sys_platform == 'linux'" },
    { name = "nvidia-cuda-nvrtc-cu11", marker = "platform_machine == 'x86_64' and sys_platform == 'linux'" },
    { name = "nvidia-cuda-runtime-cu11", marker = "platform_machine == 'x86_64' and sys_platform == 'linux'" },
    { name = "nvidia-cudnn-cu11", marker = "platform_machine == 'x86_64' and sys_platform == 'linux'" },
    { name = "nvidia-cufft-cu11", marker = "platform_machine == 'x86_64' and sys_platform == 'linux'" },
    { name = "nvidia-curand-cu11", marker = "platform_machine == 'x86_64' and sys_platform == 'linux'" },
    { name = "nvidia-cusolver-cu11", marker = "platform_machine == 'x86_64' and sys_platform == 'linux'" },
    { name = "nvidia-cusparse-cu11", marker = "platform_machine == 'x86_64' and sys_platform == 'linux'" },
    { name = "nvidia-nccl-cu11", marker = "platform_machine == 'x86_64' and sys_platform == 'linux'" },
    { name = "nvidia-nvtx-cu11", marker = "platform_machine == 'x86_64' and sys_platform == 'linux'" },
    { name = "sympy" },
    { name = "triton", marker = "platform_machine == 'x86_64' and sys_platform == 'linux'" },
    { name = "typing-extensions" },
]
wheels = [
    { url = "https://download.pytorch.org/whl/cu118/torch-2.7.1%2Bcu118-cp310-cp310-manylinux_2_28_x86_64.whl", hash = "sha256:89433c62b02ec802d4c0887c867d935887ae8f00d7cc549ecf1c2640d096bd4c" },
    { url = "https://download.pytorch.org/whl/cu118/torch-2.7.1%2Bcu118-cp310-cp310-win_amd64.whl", hash = "sha256:af4833e36a8e964681a4dad7775f559cf043bd42c9d0c0b5e0619f9d0e44cb56" },
]

[[package]]
name = "torchaudio"
version = "2.7.1+cu118"
source = { registry = "https://download.pytorch.org/whl/cu118" }
dependencies = [
    { name = "torch" },
]
wheels = [
    { url = "https://download.pytorch.org/whl/cu118/torchaudio-2.7.1%2Bcu118-cp310-cp310-manylinux_2_28_x86_64.whl", hash = "sha256:effef2c79a95830d11b481f6fbe461312988b49b4c0b3dbe893d0b56d5ce032f" },
    { url = "https://download.pytorch.org/whl/cu118/torchaudio-2.7.1%2Bcu118-cp310-cp310-win_amd64.whl", hash = "sha256:da55035d325d4523981c48413da8e34321ef6d9306fa71b04b96dc04b3ed8318" },
]

[[package]]
name = "torchvision"
version = "0.22.1+cu118"
source = { registry = "https://download.pytorch.org/whl/cu118" }
dependencies = [
    { name = "numpy" },
    { name = "pillow" },
    { name = "torch" },
]
wheels = [
    { url = "https://download.pytorch.org/whl/cu118/torchvision-0.22.1%2Bcu118-cp310-cp310-manylinux_2_28_x86_64.whl", hash = "sha256:64954400493caf614b5aebded9b5a63eda8753cea9f8a1e32752eb2adc6ed383" },
    { url = "https://download.pytorch.org/whl/cu118/torchvision-0.22.1%2Bcu118-cp310-cp310-win_amd64.whl", hash = "sha256:608ea6cb93eb66cdf273cab41122f83191c198c3c4ff583609f0e6e184f52865" },
]

[[package]]
name = "tqdm"
version = "4.66.5"
source = { registry = "https://download.pytorch.org/whl/cu118" }
dependencies = [
    { name = "colorama", marker = "sys_platform == 'win32'" },
]
wheels = [
    { url = "https://download.pytorch.org/whl/tqdm-4.66.5-py3-none-any.whl", hash = "sha256:90279a3770753eafc9194a0364852159802111925aa30eb3f9d85b0e805ac7cd" },
]

[[package]]
name = "triton"
version = "3.3.1"
source = { registry = "https://download.pytorch.org/whl/cu118" }
dependencies = [
    { name = "setuptools" },
]
wheels = [
    { url = "https://download.pytorch.org/whl/triton-3.3.1-cp310-cp310-manylinux_2_27_x86_64.manylinux_2_28_x86_64.whl" },
]

[[package]]
name = "typing-extensions"
version = "4.12.2"
source = { registry = "https://download.pytorch.org/whl/cu118" }
wheels = [
    { url = "https://download.pytorch.org/whl/typing_extensions-4.12.2-py3-none-any.whl", hash = "sha256:04e5ca0351e0f3f85c6853954072df659d0d13fac324d0072316b67d7794700d" },
]

[[package]]
name = "tzdata"
version = "2025.2"
source = { registry = "https://pypi.org/simple" }
sdist = { url = "https://files.pythonhosted.org/packages/95/32/1a225d6164441be760d75c2c42e2780dc0873fe382da3e98a2e1e48361e5/tzdata-2025.2.tar.gz", hash = "sha256:b60a638fcc0daffadf82fe0f57e53d06bdec2f36c4df66280ae79bce6bd6f2b9", size = 196380, upload-time = "2025-03-23T13:54:43.652Z" }
wheels = [
    { url = "https://files.pythonhosted.org/packages/5c/23/c7abc0ca0a1526a0774eca151daeb8de62ec457e77262b66b359c3c7679e/tzdata-2025.2-py2.py3-none-any.whl", hash = "sha256:1a403fada01ff9221ca8044d701868fa132215d84beb92242d9acd2147f667a8", size = 347839, upload-time = "2025-03-23T13:54:41.845Z" },
]

[[package]]
name = "wcwidth"
version = "0.2.13"
source = { registry = "https://pypi.org/simple" }
sdist = { url = "https://files.pythonhosted.org/packages/6c/63/53559446a878410fc5a5974feb13d31d78d752eb18aeba59c7fef1af7598/wcwidth-0.2.13.tar.gz", hash = "sha256:72ea0c06399eb286d978fdedb6923a9eb47e1c486ce63e9b4e64fc18303972b5", size = 101301, upload-time = "2024-01-06T02:10:57.829Z" }
wheels = [
    { url = "https://files.pythonhosted.org/packages/fd/84/fd2ba7aafacbad3c4201d395674fc6348826569da3c0937e75505ead3528/wcwidth-0.2.13-py2.py3-none-any.whl", hash = "sha256:3da69048e4540d84af32131829ff948f1e022c1c6bdb8d6102117aac784f6859", size = 34166, upload-time = "2024-01-06T02:10:55.763Z" },
]
